
Microsoft Visual Studio Solution File, Format Version 12.00
# Visual Studio Version 17
VisualStudioVersion = 17.10.35027.167
MinimumVisualStudioVersion = 10.0.40219.1
Project("{FAE04EC0-301F-11D3-BF4B-00C04F79EFBC}") = "ToDoApi", "ToDoApi\ToDoApi.csproj", "{BF5637C1-C80B-465B-86E7-CB7386F14057}"
EndProject
Global
	GlobalSection(SolutionConfigurationPlatforms) = preSolution
		Debug|Any CPU = Debug|Any CPU
		Release|Any CPU = Release|Any CPU
	EndGlobalSection
	GlobalSection(ProjectConfigurationPlatforms) = postSolution
		{BF5637C1-C80B-465B-86E7-CB7386F14057}.Debug|Any CPU.ActiveCfg = Debug|Any CPU
		{BF5637C1-C80B-465B-86E7-CB7386F14057}.Debug|Any CPU.Build.0 = Debug|Any CPU
		{BF5637C1-C80B-465B-86E7-CB7386F14057}.Release|Any CPU.ActiveCfg = Release|Any CPU
		{BF5637C1-C80B-465B-86E7-CB7386F14057}.Release|Any CPU.Build.0 = Release|Any CPU
	EndGlobalSection
	GlobalSection(SolutionProperties) = preSolution
		HideSolutionNode = FALSE
	EndGlobalSection
	GlobalSection(ExtensibilityGlobals) = postSolution
		SolutionGuid = {89C2517A-A45A-4271-BAD7-E5D74D8BDD32}
	EndGlobalSection
EndGlobal
